
Microsoft Visual Studio Solution File, Format Version 12.00
# Visual Studio 14
VisualStudioVersion = 14.0.25420.1
MinimumVisualStudioVersion = 10.0.40219.1
Project("{F14B399A-7131-4C87-9E4B-1186C45EF12D}") = "iCS Tools", "iCS Tools\iCS Tools.rptproj", "{57649CBC-3AB3-471D-B3AE-C3D331087556}"
EndProject
Project("{F14B399A-7131-4C87-9E4B-1186C45EF12D}") = "Service Desk", "Service Desk\Service Desk.rptproj", "{52387238-1572-4275-B450-519B425796C8}"
EndProject
Project("{F14B399A-7131-4C87-9E4B-1186C45EF12D}") = "HPB.com", "HPB.com\HPB.com.rptproj", "{8C91883D-B8AD-4898-9454-9D8059D904EE}"
EndProject
Project("{F14B399A-7131-4C87-9E4B-1186C45EF12D}") = "SCALE", "SCALE\SCALE.rptproj", "{C7C07EF0-DAD1-4CBB-81EE-5A945777121B}"
EndProject
Project("{F14B399A-7131-4C87-9E4B-1186C45EF12D}") = "SCALE System", "SCALE System\SCALE System.rptproj", "{64FDFCCC-DFB7-41C1-BA95-12E94DA47353}"
EndProject
Project("{F14B399A-7131-4C87-9E4B-1186C45EF12D}") = "Vertex", "Vertex\Vertex.rptproj", "{4AA713E5-A359-4B17-B122-41EEE38A19D1}"
EndProject
Project("{F14B399A-7131-4C87-9E4B-1186C45EF12D}") = "Scheduled Inventory", "Scheduled_Inventory\Scheduled Inventory\Scheduled Inventory.rptproj", "{888511A3-9798-4380-8023-65C88163A566}"
EndProject
Project("{F14B399A-7131-4C87-9E4B-1186C45EF12D}") = "LP", "LP\LP.rptproj", "{A4AF8B18-CA6B-4DE3-B9F8-7CCC8DF25B6C}"
EndProject
Project("{F14B399A-7131-4C87-9E4B-1186C45EF12D}") = "Sales Audits", "Sales Audits\Sales Audits.rptproj", "{73893EFC-9DBE-4921-AC20-2226B1C69088}"
EndProject
Project("{F14B399A-7131-4C87-9E4B-1186C45EF12D}") = "POS", "POS\POS.rptproj", "{86D71B20-8780-4181-9395-DA937B904674}"
EndProject
Project("{F14B399A-7131-4C87-9E4B-1186C45EF12D}") = "Accounting", "Accounting\Accounting.rptproj", "{649ADE16-56A4-46FD-95C2-C705F66E1B51}"
EndProject
Project("{F14B399A-7131-4C87-9E4B-1186C45EF12D}") = "Exception Reports", "Exception Reports\Exception Reports.rptproj", "{0C385FC2-E662-49CA-AD32-68FFEB4D0B3E}"
EndProject
Project("{F14B399A-7131-4C87-9E4B-1186C45EF12D}") = "Management", "Management\Management.rptproj", "{D98FD108-3B27-4553-8EB0-B74FB03CA95E}"
EndProject
Project("{F14B399A-7131-4C87-9E4B-1186C45EF12D}") = "Marketing", "Marketing\Marketing.rptproj", "{F458995C-658C-48C3-8B19-D214F289326B}"
EndProject
Project("{F14B399A-7131-4C87-9E4B-1186C45EF12D}") = "Online Sales", "Online Sales\Online Sales.rptproj", "{17CB8546-7D07-4D47-9045-0F3B835B4D51}"
EndProject
Project("{F14B399A-7131-4C87-9E4B-1186C45EF12D}") = "SIPS - Used Inventory", "SIPS - Used Inventory\SIPS - Used Inventory.rptproj", "{2C43A44E-093F-4F1A-AADB-64018256CF85}"
EndProject
Project("{F14B399A-7131-4C87-9E4B-1186C45EF12D}") = "Store Receiving", "Store Receiving\Store Receiving.rptproj", "{808907B8-6320-416D-B0FE-E501C0156721}"
EndProject
Project("{F14B399A-7131-4C87-9E4B-1186C45EF12D}") = "Texas Bookman", "Texas Bookman\Texas Bookman.rptproj", "{F77794B7-3366-40F4-AA58-BDE64D61C4B7}"
EndProject
Project("{F14B399A-7131-4C87-9E4B-1186C45EF12D}") = "Cost Of Goods", "Cost Of Goods\Cost Of Goods.rptproj", "{0A7686D3-4378-4318-B860-20CD49C2ECEC}"
EndProject
Project("{F14B399A-7131-4C87-9E4B-1186C45EF12D}") = "Transfers", "Transfers\Transfers.rptproj", "{CF6B7400-053F-4DE6-A046-D3FFCD8ECD6D}"
EndProject
Project("{F14B399A-7131-4C87-9E4B-1186C45EF12D}") = "Beanstore Reports", "Beanstore Reports\Beanstore Reports.rptproj", "{4120CB19-98AE-4CF6-9C4C-9A30B2AB5725}"
EndProject
Global
	GlobalSection(SolutionConfigurationPlatforms) = preSolution
		Debug|Default = Debug|Default
		DebugLocal|Default = DebugLocal|Default
		Jacaranda|Default = Jacaranda|Default
		Production|Default = Production|Default
		Release|Default = Release|Default
	EndGlobalSection
	GlobalSection(ProjectConfigurationPlatforms) = postSolution
		{57649CBC-3AB3-471D-B3AE-C3D331087556}.Debug|Default.ActiveCfg = Debug
		{57649CBC-3AB3-471D-B3AE-C3D331087556}.DebugLocal|Default.ActiveCfg = DebugLocal
		{57649CBC-3AB3-471D-B3AE-C3D331087556}.DebugLocal|Default.Build.0 = DebugLocal
		{57649CBC-3AB3-471D-B3AE-C3D331087556}.Jacaranda|Default.ActiveCfg = Release
		{57649CBC-3AB3-471D-B3AE-C3D331087556}.Jacaranda|Default.Build.0 = Release
		{57649CBC-3AB3-471D-B3AE-C3D331087556}.Jacaranda|Default.Deploy.0 = Release
		{57649CBC-3AB3-471D-B3AE-C3D331087556}.Production|Default.ActiveCfg = Release
		{57649CBC-3AB3-471D-B3AE-C3D331087556}.Production|Default.Build.0 = Release
		{57649CBC-3AB3-471D-B3AE-C3D331087556}.Production|Default.Deploy.0 = Release
		{57649CBC-3AB3-471D-B3AE-C3D331087556}.Release|Default.ActiveCfg = Release
		{57649CBC-3AB3-471D-B3AE-C3D331087556}.Release|Default.Build.0 = Release
		{57649CBC-3AB3-471D-B3AE-C3D331087556}.Release|Default.Deploy.0 = Release
		{52387238-1572-4275-B450-519B425796C8}.Debug|Default.ActiveCfg = Debug
		{52387238-1572-4275-B450-519B425796C8}.DebugLocal|Default.ActiveCfg = DebugLocal
		{52387238-1572-4275-B450-519B425796C8}.DebugLocal|Default.Build.0 = DebugLocal
		{52387238-1572-4275-B450-519B425796C8}.Jacaranda|Default.ActiveCfg = Release
		{52387238-1572-4275-B450-519B425796C8}.Jacaranda|Default.Build.0 = Release
		{52387238-1572-4275-B450-519B425796C8}.Jacaranda|Default.Deploy.0 = Release
		{52387238-1572-4275-B450-519B425796C8}.Production|Default.ActiveCfg = Release
		{52387238-1572-4275-B450-519B425796C8}.Production|Default.Build.0 = Release
		{52387238-1572-4275-B450-519B425796C8}.Production|Default.Deploy.0 = Release
		{52387238-1572-4275-B450-519B425796C8}.Release|Default.ActiveCfg = Release
		{52387238-1572-4275-B450-519B425796C8}.Release|Default.Build.0 = Release
		{52387238-1572-4275-B450-519B425796C8}.Release|Default.Deploy.0 = Release
		{8C91883D-B8AD-4898-9454-9D8059D904EE}.Debug|Default.ActiveCfg = Debug
		{8C91883D-B8AD-4898-9454-9D8059D904EE}.Debug|Default.Build.0 = Debug
		{8C91883D-B8AD-4898-9454-9D8059D904EE}.Debug|Default.Deploy.0 = Debug
		{8C91883D-B8AD-4898-9454-9D8059D904EE}.DebugLocal|Default.ActiveCfg = DebugLocal
		{8C91883D-B8AD-4898-9454-9D8059D904EE}.DebugLocal|Default.Build.0 = DebugLocal
		{8C91883D-B8AD-4898-9454-9D8059D904EE}.Jacaranda|Default.ActiveCfg = Release
		{8C91883D-B8AD-4898-9454-9D8059D904EE}.Jacaranda|Default.Build.0 = Release
		{8C91883D-B8AD-4898-9454-9D8059D904EE}.Jacaranda|Default.Deploy.0 = Release
		{8C91883D-B8AD-4898-9454-9D8059D904EE}.Production|Default.ActiveCfg = Release
		{8C91883D-B8AD-4898-9454-9D8059D904EE}.Production|Default.Build.0 = Release
		{8C91883D-B8AD-4898-9454-9D8059D904EE}.Production|Default.Deploy.0 = Release
		{8C91883D-B8AD-4898-9454-9D8059D904EE}.Release|Default.ActiveCfg = Release
		{8C91883D-B8AD-4898-9454-9D8059D904EE}.Release|Default.Build.0 = Release
		{8C91883D-B8AD-4898-9454-9D8059D904EE}.Release|Default.Deploy.0 = Release
		{C7C07EF0-DAD1-4CBB-81EE-5A945777121B}.Debug|Default.ActiveCfg = Debug
		{C7C07EF0-DAD1-4CBB-81EE-5A945777121B}.Debug|Default.Build.0 = Debug
		{C7C07EF0-DAD1-4CBB-81EE-5A945777121B}.Debug|Default.Deploy.0 = Debug
		{C7C07EF0-DAD1-4CBB-81EE-5A945777121B}.DebugLocal|Default.ActiveCfg = DebugLocal
		{C7C07EF0-DAD1-4CBB-81EE-5A945777121B}.DebugLocal|Default.Build.0 = DebugLocal
		{C7C07EF0-DAD1-4CBB-81EE-5A945777121B}.Jacaranda|Default.ActiveCfg = Release
		{C7C07EF0-DAD1-4CBB-81EE-5A945777121B}.Jacaranda|Default.Build.0 = Release
		{C7C07EF0-DAD1-4CBB-81EE-5A945777121B}.Jacaranda|Default.Deploy.0 = Release
		{C7C07EF0-DAD1-4CBB-81EE-5A945777121B}.Production|Default.ActiveCfg = Release
		{C7C07EF0-DAD1-4CBB-81EE-5A945777121B}.Production|Default.Build.0 = Release
		{C7C07EF0-DAD1-4CBB-81EE-5A945777121B}.Production|Default.Deploy.0 = Release
		{C7C07EF0-DAD1-4CBB-81EE-5A945777121B}.Release|Default.ActiveCfg = Release
		{C7C07EF0-DAD1-4CBB-81EE-5A945777121B}.Release|Default.Build.0 = Release
		{C7C07EF0-DAD1-4CBB-81EE-5A945777121B}.Release|Default.Deploy.0 = Release
		{64FDFCCC-DFB7-41C1-BA95-12E94DA47353}.Debug|Default.ActiveCfg = Debug
		{64FDFCCC-DFB7-41C1-BA95-12E94DA47353}.Debug|Default.Build.0 = Debug
		{64FDFCCC-DFB7-41C1-BA95-12E94DA47353}.Debug|Default.Deploy.0 = Debug
		{64FDFCCC-DFB7-41C1-BA95-12E94DA47353}.DebugLocal|Default.ActiveCfg = DebugLocal
		{64FDFCCC-DFB7-41C1-BA95-12E94DA47353}.DebugLocal|Default.Build.0 = DebugLocal
		{64FDFCCC-DFB7-41C1-BA95-12E94DA47353}.Jacaranda|Default.ActiveCfg = Release
		{64FDFCCC-DFB7-41C1-BA95-12E94DA47353}.Jacaranda|Default.Build.0 = Release
		{64FDFCCC-DFB7-41C1-BA95-12E94DA47353}.Jacaranda|Default.Deploy.0 = Release
		{64FDFCCC-DFB7-41C1-BA95-12E94DA47353}.Production|Default.ActiveCfg = Release
		{64FDFCCC-DFB7-41C1-BA95-12E94DA47353}.Production|Default.Build.0 = Release
		{64FDFCCC-DFB7-41C1-BA95-12E94DA47353}.Production|Default.Deploy.0 = Release
		{64FDFCCC-DFB7-41C1-BA95-12E94DA47353}.Release|Default.ActiveCfg = Release
		{64FDFCCC-DFB7-41C1-BA95-12E94DA47353}.Release|Default.Build.0 = Release
		{64FDFCCC-DFB7-41C1-BA95-12E94DA47353}.Release|Default.Deploy.0 = Release
		{4AA713E5-A359-4B17-B122-41EEE38A19D1}.Debug|Default.ActiveCfg = Debug
		{4AA713E5-A359-4B17-B122-41EEE38A19D1}.Debug|Default.Build.0 = Debug
		{4AA713E5-A359-4B17-B122-41EEE38A19D1}.Debug|Default.Deploy.0 = Debug
		{4AA713E5-A359-4B17-B122-41EEE38A19D1}.DebugLocal|Default.ActiveCfg = DebugLocal
		{4AA713E5-A359-4B17-B122-41EEE38A19D1}.DebugLocal|Default.Build.0 = DebugLocal
		{4AA713E5-A359-4B17-B122-41EEE38A19D1}.Jacaranda|Default.ActiveCfg = Release
		{4AA713E5-A359-4B17-B122-41EEE38A19D1}.Jacaranda|Default.Build.0 = Release
		{4AA713E5-A359-4B17-B122-41EEE38A19D1}.Jacaranda|Default.Deploy.0 = Release
		{4AA713E5-A359-4B17-B122-41EEE38A19D1}.Production|Default.ActiveCfg = Release
		{4AA713E5-A359-4B17-B122-41EEE38A19D1}.Production|Default.Build.0 = Release
		{4AA713E5-A359-4B17-B122-41EEE38A19D1}.Production|Default.Deploy.0 = Release
		{4AA713E5-A359-4B17-B122-41EEE38A19D1}.Release|Default.ActiveCfg = Release
		{4AA713E5-A359-4B17-B122-41EEE38A19D1}.Release|Default.Build.0 = Release
		{4AA713E5-A359-4B17-B122-41EEE38A19D1}.Release|Default.Deploy.0 = Release
		{888511A3-9798-4380-8023-65C88163A566}.Debug|Default.ActiveCfg = Debug
		{888511A3-9798-4380-8023-65C88163A566}.Debug|Default.Build.0 = Debug
		{888511A3-9798-4380-8023-65C88163A566}.Debug|Default.Deploy.0 = Debug
		{888511A3-9798-4380-8023-65C88163A566}.DebugLocal|Default.ActiveCfg = DebugLocal
		{888511A3-9798-4380-8023-65C88163A566}.DebugLocal|Default.Build.0 = DebugLocal
		{888511A3-9798-4380-8023-65C88163A566}.Jacaranda|Default.ActiveCfg = Release
		{888511A3-9798-4380-8023-65C88163A566}.Jacaranda|Default.Build.0 = Release
		{888511A3-9798-4380-8023-65C88163A566}.Jacaranda|Default.Deploy.0 = Release
		{888511A3-9798-4380-8023-65C88163A566}.Production|Default.ActiveCfg = Release
		{888511A3-9798-4380-8023-65C88163A566}.Production|Default.Build.0 = Release
		{888511A3-9798-4380-8023-65C88163A566}.Production|Default.Deploy.0 = Release
		{888511A3-9798-4380-8023-65C88163A566}.Release|Default.ActiveCfg = Release
		{888511A3-9798-4380-8023-65C88163A566}.Release|Default.Build.0 = Release
		{888511A3-9798-4380-8023-65C88163A566}.Release|Default.Deploy.0 = Release
		{A4AF8B18-CA6B-4DE3-B9F8-7CCC8DF25B6C}.Debug|Default.ActiveCfg = Debug
		{A4AF8B18-CA6B-4DE3-B9F8-7CCC8DF25B6C}.Debug|Default.Build.0 = Debug
		{A4AF8B18-CA6B-4DE3-B9F8-7CCC8DF25B6C}.Debug|Default.Deploy.0 = Debug
		{A4AF8B18-CA6B-4DE3-B9F8-7CCC8DF25B6C}.DebugLocal|Default.ActiveCfg = DebugLocal
		{A4AF8B18-CA6B-4DE3-B9F8-7CCC8DF25B6C}.DebugLocal|Default.Build.0 = DebugLocal
		{A4AF8B18-CA6B-4DE3-B9F8-7CCC8DF25B6C}.DebugLocal|Default.Deploy.0 = DebugLocal
		{A4AF8B18-CA6B-4DE3-B9F8-7CCC8DF25B6C}.Jacaranda|Default.ActiveCfg = Release
		{A4AF8B18-CA6B-4DE3-B9F8-7CCC8DF25B6C}.Jacaranda|Default.Build.0 = Release
		{A4AF8B18-CA6B-4DE3-B9F8-7CCC8DF25B6C}.Jacaranda|Default.Deploy.0 = Release
		{A4AF8B18-CA6B-4DE3-B9F8-7CCC8DF25B6C}.Production|Default.ActiveCfg = Release
		{A4AF8B18-CA6B-4DE3-B9F8-7CCC8DF25B6C}.Production|Default.Build.0 = Release
		{A4AF8B18-CA6B-4DE3-B9F8-7CCC8DF25B6C}.Production|Default.Deploy.0 = Release
		{A4AF8B18-CA6B-4DE3-B9F8-7CCC8DF25B6C}.Release|Default.ActiveCfg = Release
		{A4AF8B18-CA6B-4DE3-B9F8-7CCC8DF25B6C}.Release|Default.Build.0 = Release
		{A4AF8B18-CA6B-4DE3-B9F8-7CCC8DF25B6C}.Release|Default.Deploy.0 = Release
		{73893EFC-9DBE-4921-AC20-2226B1C69088}.Debug|Default.ActiveCfg = Debug
		{73893EFC-9DBE-4921-AC20-2226B1C69088}.Debug|Default.Build.0 = Debug
		{73893EFC-9DBE-4921-AC20-2226B1C69088}.Debug|Default.Deploy.0 = Debug
		{73893EFC-9DBE-4921-AC20-2226B1C69088}.DebugLocal|Default.ActiveCfg = DebugLocal
		{73893EFC-9DBE-4921-AC20-2226B1C69088}.DebugLocal|Default.Build.0 = DebugLocal
		{73893EFC-9DBE-4921-AC20-2226B1C69088}.Jacaranda|Default.ActiveCfg = Release
		{73893EFC-9DBE-4921-AC20-2226B1C69088}.Jacaranda|Default.Build.0 = Release
		{73893EFC-9DBE-4921-AC20-2226B1C69088}.Jacaranda|Default.Deploy.0 = Release
		{73893EFC-9DBE-4921-AC20-2226B1C69088}.Production|Default.ActiveCfg = Release
		{73893EFC-9DBE-4921-AC20-2226B1C69088}.Production|Default.Build.0 = Release
		{73893EFC-9DBE-4921-AC20-2226B1C69088}.Production|Default.Deploy.0 = Release
		{73893EFC-9DBE-4921-AC20-2226B1C69088}.Release|Default.ActiveCfg = Release
		{73893EFC-9DBE-4921-AC20-2226B1C69088}.Release|Default.Build.0 = Release
		{73893EFC-9DBE-4921-AC20-2226B1C69088}.Release|Default.Deploy.0 = Release
		{86D71B20-8780-4181-9395-DA937B904674}.Debug|Default.ActiveCfg = Debug
		{86D71B20-8780-4181-9395-DA937B904674}.Debug|Default.Build.0 = Debug
		{86D71B20-8780-4181-9395-DA937B904674}.Debug|Default.Deploy.0 = Debug
		{86D71B20-8780-4181-9395-DA937B904674}.DebugLocal|Default.ActiveCfg = DebugLocal
		{86D71B20-8780-4181-9395-DA937B904674}.DebugLocal|Default.Build.0 = DebugLocal
		{86D71B20-8780-4181-9395-DA937B904674}.DebugLocal|Default.Deploy.0 = DebugLocal
		{86D71B20-8780-4181-9395-DA937B904674}.Jacaranda|Default.ActiveCfg = Release
		{86D71B20-8780-4181-9395-DA937B904674}.Jacaranda|Default.Build.0 = Release
		{86D71B20-8780-4181-9395-DA937B904674}.Jacaranda|Default.Deploy.0 = Release
		{86D71B20-8780-4181-9395-DA937B904674}.Production|Default.ActiveCfg = Release
		{86D71B20-8780-4181-9395-DA937B904674}.Production|Default.Build.0 = Release
		{86D71B20-8780-4181-9395-DA937B904674}.Production|Default.Deploy.0 = Release
		{86D71B20-8780-4181-9395-DA937B904674}.Release|Default.ActiveCfg = Release
		{86D71B20-8780-4181-9395-DA937B904674}.Release|Default.Build.0 = Release
		{86D71B20-8780-4181-9395-DA937B904674}.Release|Default.Deploy.0 = Release
		{649ADE16-56A4-46FD-95C2-C705F66E1B51}.Debug|Default.ActiveCfg = Debug
		{649ADE16-56A4-46FD-95C2-C705F66E1B51}.Debug|Default.Build.0 = Debug
		{649ADE16-56A4-46FD-95C2-C705F66E1B51}.Debug|Default.Deploy.0 = Debug
		{649ADE16-56A4-46FD-95C2-C705F66E1B51}.DebugLocal|Default.ActiveCfg = DebugLocal
		{649ADE16-56A4-46FD-95C2-C705F66E1B51}.DebugLocal|Default.Build.0 = DebugLocal
		{649ADE16-56A4-46FD-95C2-C705F66E1B51}.DebugLocal|Default.Deploy.0 = DebugLocal
		{649ADE16-56A4-46FD-95C2-C705F66E1B51}.Jacaranda|Default.ActiveCfg = Release
		{649ADE16-56A4-46FD-95C2-C705F66E1B51}.Jacaranda|Default.Build.0 = Release
		{649ADE16-56A4-46FD-95C2-C705F66E1B51}.Jacaranda|Default.Deploy.0 = Release
		{649ADE16-56A4-46FD-95C2-C705F66E1B51}.Production|Default.ActiveCfg = Release
		{649ADE16-56A4-46FD-95C2-C705F66E1B51}.Production|Default.Build.0 = Release
		{649ADE16-56A4-46FD-95C2-C705F66E1B51}.Production|Default.Deploy.0 = Release
		{649ADE16-56A4-46FD-95C2-C705F66E1B51}.Release|Default.ActiveCfg = Release
		{649ADE16-56A4-46FD-95C2-C705F66E1B51}.Release|Default.Build.0 = Release
		{649ADE16-56A4-46FD-95C2-C705F66E1B51}.Release|Default.Deploy.0 = Release
		{0C385FC2-E662-49CA-AD32-68FFEB4D0B3E}.Debug|Default.ActiveCfg = Debug
		{0C385FC2-E662-49CA-AD32-68FFEB4D0B3E}.Debug|Default.Build.0 = Debug
		{0C385FC2-E662-49CA-AD32-68FFEB4D0B3E}.Debug|Default.Deploy.0 = Debug
		{0C385FC2-E662-49CA-AD32-68FFEB4D0B3E}.DebugLocal|Default.ActiveCfg = DebugLocal
		{0C385FC2-E662-49CA-AD32-68FFEB4D0B3E}.DebugLocal|Default.Build.0 = DebugLocal
		{0C385FC2-E662-49CA-AD32-68FFEB4D0B3E}.DebugLocal|Default.Deploy.0 = DebugLocal
		{0C385FC2-E662-49CA-AD32-68FFEB4D0B3E}.Jacaranda|Default.ActiveCfg = Release
		{0C385FC2-E662-49CA-AD32-68FFEB4D0B3E}.Jacaranda|Default.Build.0 = Release
		{0C385FC2-E662-49CA-AD32-68FFEB4D0B3E}.Jacaranda|Default.Deploy.0 = Release
		{0C385FC2-E662-49CA-AD32-68FFEB4D0B3E}.Production|Default.ActiveCfg = Release
		{0C385FC2-E662-49CA-AD32-68FFEB4D0B3E}.Production|Default.Build.0 = Release
		{0C385FC2-E662-49CA-AD32-68FFEB4D0B3E}.Production|Default.Deploy.0 = Release
		{0C385FC2-E662-49CA-AD32-68FFEB4D0B3E}.Release|Default.ActiveCfg = Release
		{0C385FC2-E662-49CA-AD32-68FFEB4D0B3E}.Release|Default.Build.0 = Release
		{0C385FC2-E662-49CA-AD32-68FFEB4D0B3E}.Release|Default.Deploy.0 = Release
		{D98FD108-3B27-4553-8EB0-B74FB03CA95E}.Debug|Default.ActiveCfg = Debug
		{D98FD108-3B27-4553-8EB0-B74FB03CA95E}.Debug|Default.Build.0 = Debug
		{D98FD108-3B27-4553-8EB0-B74FB03CA95E}.Debug|Default.Deploy.0 = Debug
		{D98FD108-3B27-4553-8EB0-B74FB03CA95E}.DebugLocal|Default.ActiveCfg = DebugLocal
		{D98FD108-3B27-4553-8EB0-B74FB03CA95E}.DebugLocal|Default.Build.0 = DebugLocal
		{D98FD108-3B27-4553-8EB0-B74FB03CA95E}.DebugLocal|Default.Deploy.0 = DebugLocal
		{D98FD108-3B27-4553-8EB0-B74FB03CA95E}.Jacaranda|Default.ActiveCfg = Release
		{D98FD108-3B27-4553-8EB0-B74FB03CA95E}.Jacaranda|Default.Build.0 = Release
		{D98FD108-3B27-4553-8EB0-B74FB03CA95E}.Jacaranda|Default.Deploy.0 = Release
		{D98FD108-3B27-4553-8EB0-B74FB03CA95E}.Production|Default.ActiveCfg = Release
		{D98FD108-3B27-4553-8EB0-B74FB03CA95E}.Production|Default.Build.0 = Release
		{D98FD108-3B27-4553-8EB0-B74FB03CA95E}.Production|Default.Deploy.0 = Release
		{D98FD108-3B27-4553-8EB0-B74FB03CA95E}.Release|Default.ActiveCfg = Release
		{D98FD108-3B27-4553-8EB0-B74FB03CA95E}.Release|Default.Build.0 = Release
		{D98FD108-3B27-4553-8EB0-B74FB03CA95E}.Release|Default.Deploy.0 = Release
		{F458995C-658C-48C3-8B19-D214F289326B}.Debug|Default.ActiveCfg = Debug
		{F458995C-658C-48C3-8B19-D214F289326B}.Debug|Default.Build.0 = Debug
		{F458995C-658C-48C3-8B19-D214F289326B}.Debug|Default.Deploy.0 = Debug
		{F458995C-658C-48C3-8B19-D214F289326B}.DebugLocal|Default.ActiveCfg = DebugLocal
		{F458995C-658C-48C3-8B19-D214F289326B}.DebugLocal|Default.Build.0 = DebugLocal
		{F458995C-658C-48C3-8B19-D214F289326B}.DebugLocal|Default.Deploy.0 = DebugLocal
		{F458995C-658C-48C3-8B19-D214F289326B}.Jacaranda|Default.ActiveCfg = Release
		{F458995C-658C-48C3-8B19-D214F289326B}.Jacaranda|Default.Build.0 = Release
		{F458995C-658C-48C3-8B19-D214F289326B}.Jacaranda|Default.Deploy.0 = Release
		{F458995C-658C-48C3-8B19-D214F289326B}.Production|Default.ActiveCfg = Release
		{F458995C-658C-48C3-8B19-D214F289326B}.Production|Default.Build.0 = Release
		{F458995C-658C-48C3-8B19-D214F289326B}.Production|Default.Deploy.0 = Release
		{F458995C-658C-48C3-8B19-D214F289326B}.Release|Default.ActiveCfg = Release
		{F458995C-658C-48C3-8B19-D214F289326B}.Release|Default.Build.0 = Release
		{F458995C-658C-48C3-8B19-D214F289326B}.Release|Default.Deploy.0 = Release
		{17CB8546-7D07-4D47-9045-0F3B835B4D51}.Debug|Default.ActiveCfg = Debug
		{17CB8546-7D07-4D47-9045-0F3B835B4D51}.Debug|Default.Build.0 = Debug
		{17CB8546-7D07-4D47-9045-0F3B835B4D51}.Debug|Default.Deploy.0 = Debug
		{17CB8546-7D07-4D47-9045-0F3B835B4D51}.DebugLocal|Default.ActiveCfg = DebugLocal
		{17CB8546-7D07-4D47-9045-0F3B835B4D51}.DebugLocal|Default.Build.0 = DebugLocal
		{17CB8546-7D07-4D47-9045-0F3B835B4D51}.DebugLocal|Default.Deploy.0 = DebugLocal
		{17CB8546-7D07-4D47-9045-0F3B835B4D51}.Jacaranda|Default.ActiveCfg = Release
		{17CB8546-7D07-4D47-9045-0F3B835B4D51}.Jacaranda|Default.Build.0 = Release
		{17CB8546-7D07-4D47-9045-0F3B835B4D51}.Jacaranda|Default.Deploy.0 = Release
		{17CB8546-7D07-4D47-9045-0F3B835B4D51}.Production|Default.ActiveCfg = Release
		{17CB8546-7D07-4D47-9045-0F3B835B4D51}.Production|Default.Build.0 = Release
		{17CB8546-7D07-4D47-9045-0F3B835B4D51}.Production|Default.Deploy.0 = Release
		{17CB8546-7D07-4D47-9045-0F3B835B4D51}.Release|Default.ActiveCfg = Release
		{17CB8546-7D07-4D47-9045-0F3B835B4D51}.Release|Default.Build.0 = Release
		{17CB8546-7D07-4D47-9045-0F3B835B4D51}.Release|Default.Deploy.0 = Release
		{2C43A44E-093F-4F1A-AADB-64018256CF85}.Debug|Default.ActiveCfg = Debug
		{2C43A44E-093F-4F1A-AADB-64018256CF85}.Debug|Default.Build.0 = Debug
		{2C43A44E-093F-4F1A-AADB-64018256CF85}.Debug|Default.Deploy.0 = Debug
		{2C43A44E-093F-4F1A-AADB-64018256CF85}.DebugLocal|Default.ActiveCfg = DebugLocal
		{2C43A44E-093F-4F1A-AADB-64018256CF85}.DebugLocal|Default.Build.0 = DebugLocal
		{2C43A44E-093F-4F1A-AADB-64018256CF85}.DebugLocal|Default.Deploy.0 = DebugLocal
		{2C43A44E-093F-4F1A-AADB-64018256CF85}.Jacaranda|Default.ActiveCfg = Release
		{2C43A44E-093F-4F1A-AADB-64018256CF85}.Jacaranda|Default.Build.0 = Release
		{2C43A44E-093F-4F1A-AADB-64018256CF85}.Jacaranda|Default.Deploy.0 = Release
		{2C43A44E-093F-4F1A-AADB-64018256CF85}.Production|Default.ActiveCfg = Release
		{2C43A44E-093F-4F1A-AADB-64018256CF85}.Production|Default.Build.0 = Release
		{2C43A44E-093F-4F1A-AADB-64018256CF85}.Production|Default.Deploy.0 = Release
		{2C43A44E-093F-4F1A-AADB-64018256CF85}.Release|Default.ActiveCfg = Release
		{2C43A44E-093F-4F1A-AADB-64018256CF85}.Release|Default.Build.0 = Release
		{2C43A44E-093F-4F1A-AADB-64018256CF85}.Release|Default.Deploy.0 = Release
		{808907B8-6320-416D-B0FE-E501C0156721}.Debug|Default.ActiveCfg = Debug
		{808907B8-6320-416D-B0FE-E501C0156721}.Debug|Default.Build.0 = Debug
		{808907B8-6320-416D-B0FE-E501C0156721}.Debug|Default.Deploy.0 = Debug
		{808907B8-6320-416D-B0FE-E501C0156721}.DebugLocal|Default.ActiveCfg = DebugLocal
		{808907B8-6320-416D-B0FE-E501C0156721}.DebugLocal|Default.Build.0 = DebugLocal
		{808907B8-6320-416D-B0FE-E501C0156721}.DebugLocal|Default.Deploy.0 = DebugLocal
		{808907B8-6320-416D-B0FE-E501C0156721}.Jacaranda|Default.ActiveCfg = Release
		{808907B8-6320-416D-B0FE-E501C0156721}.Jacaranda|Default.Build.0 = Release
		{808907B8-6320-416D-B0FE-E501C0156721}.Jacaranda|Default.Deploy.0 = Release
		{808907B8-6320-416D-B0FE-E501C0156721}.Production|Default.ActiveCfg = Release
		{808907B8-6320-416D-B0FE-E501C0156721}.Production|Default.Build.0 = Release
		{808907B8-6320-416D-B0FE-E501C0156721}.Production|Default.Deploy.0 = Release
		{808907B8-6320-416D-B0FE-E501C0156721}.Release|Default.ActiveCfg = Release
		{808907B8-6320-416D-B0FE-E501C0156721}.Release|Default.Build.0 = Release
		{808907B8-6320-416D-B0FE-E501C0156721}.Release|Default.Deploy.0 = Release
		{F77794B7-3366-40F4-AA58-BDE64D61C4B7}.Debug|Default.ActiveCfg = Debug
		{F77794B7-3366-40F4-AA58-BDE64D61C4B7}.Debug|Default.Build.0 = Debug
		{F77794B7-3366-40F4-AA58-BDE64D61C4B7}.Debug|Default.Deploy.0 = Debug
		{F77794B7-3366-40F4-AA58-BDE64D61C4B7}.DebugLocal|Default.ActiveCfg = DebugLocal
		{F77794B7-3366-40F4-AA58-BDE64D61C4B7}.DebugLocal|Default.Build.0 = DebugLocal
		{F77794B7-3366-40F4-AA58-BDE64D61C4B7}.DebugLocal|Default.Deploy.0 = DebugLocal
		{F77794B7-3366-40F4-AA58-BDE64D61C4B7}.Jacaranda|Default.ActiveCfg = Release
		{F77794B7-3366-40F4-AA58-BDE64D61C4B7}.Jacaranda|Default.Build.0 = Release
		{F77794B7-3366-40F4-AA58-BDE64D61C4B7}.Jacaranda|Default.Deploy.0 = Release
		{F77794B7-3366-40F4-AA58-BDE64D61C4B7}.Production|Default.ActiveCfg = Release
		{F77794B7-3366-40F4-AA58-BDE64D61C4B7}.Production|Default.Build.0 = Release
		{F77794B7-3366-40F4-AA58-BDE64D61C4B7}.Production|Default.Deploy.0 = Release
		{F77794B7-3366-40F4-AA58-BDE64D61C4B7}.Release|Default.ActiveCfg = Release
		{F77794B7-3366-40F4-AA58-BDE64D61C4B7}.Release|Default.Build.0 = Release
		{F77794B7-3366-40F4-AA58-BDE64D61C4B7}.Release|Default.Deploy.0 = Release
		{0A7686D3-4378-4318-B860-20CD49C2ECEC}.Debug|Default.ActiveCfg = Debug
		{0A7686D3-4378-4318-B860-20CD49C2ECEC}.Debug|Default.Build.0 = Debug
		{0A7686D3-4378-4318-B860-20CD49C2ECEC}.Debug|Default.Deploy.0 = Debug
		{0A7686D3-4378-4318-B860-20CD49C2ECEC}.DebugLocal|Default.ActiveCfg = DebugLocal
		{0A7686D3-4378-4318-B860-20CD49C2ECEC}.DebugLocal|Default.Build.0 = DebugLocal
		{0A7686D3-4378-4318-B860-20CD49C2ECEC}.DebugLocal|Default.Deploy.0 = DebugLocal
		{0A7686D3-4378-4318-B860-20CD49C2ECEC}.Jacaranda|Default.ActiveCfg = Release
		{0A7686D3-4378-4318-B860-20CD49C2ECEC}.Jacaranda|Default.Build.0 = Release
		{0A7686D3-4378-4318-B860-20CD49C2ECEC}.Jacaranda|Default.Deploy.0 = Release
		{0A7686D3-4378-4318-B860-20CD49C2ECEC}.Production|Default.ActiveCfg = Release
		{0A7686D3-4378-4318-B860-20CD49C2ECEC}.Production|Default.Build.0 = Release
		{0A7686D3-4378-4318-B860-20CD49C2ECEC}.Production|Default.Deploy.0 = Release
		{0A7686D3-4378-4318-B860-20CD49C2ECEC}.Release|Default.ActiveCfg = Release
		{0A7686D3-4378-4318-B860-20CD49C2ECEC}.Release|Default.Build.0 = Release
		{0A7686D3-4378-4318-B860-20CD49C2ECEC}.Release|Default.Deploy.0 = Release
		{CF6B7400-053F-4DE6-A046-D3FFCD8ECD6D}.Debug|Default.ActiveCfg = Debug
		{CF6B7400-053F-4DE6-A046-D3FFCD8ECD6D}.Debug|Default.Build.0 = Debug
		{CF6B7400-053F-4DE6-A046-D3FFCD8ECD6D}.Debug|Default.Deploy.0 = Debug
		{CF6B7400-053F-4DE6-A046-D3FFCD8ECD6D}.DebugLocal|Default.ActiveCfg = DebugLocal
		{CF6B7400-053F-4DE6-A046-D3FFCD8ECD6D}.DebugLocal|Default.Build.0 = DebugLocal
		{CF6B7400-053F-4DE6-A046-D3FFCD8ECD6D}.Jacaranda|Default.ActiveCfg = Release
		{CF6B7400-053F-4DE6-A046-D3FFCD8ECD6D}.Jacaranda|Default.Build.0 = Release
		{CF6B7400-053F-4DE6-A046-D3FFCD8ECD6D}.Jacaranda|Default.Deploy.0 = Release
		{CF6B7400-053F-4DE6-A046-D3FFCD8ECD6D}.Production|Default.ActiveCfg = Release
		{CF6B7400-053F-4DE6-A046-D3FFCD8ECD6D}.Production|Default.Build.0 = Release
		{CF6B7400-053F-4DE6-A046-D3FFCD8ECD6D}.Production|Default.Deploy.0 = Release
		{CF6B7400-053F-4DE6-A046-D3FFCD8ECD6D}.Release|Default.ActiveCfg = Release
		{CF6B7400-053F-4DE6-A046-D3FFCD8ECD6D}.Release|Default.Build.0 = Release
		{CF6B7400-053F-4DE6-A046-D3FFCD8ECD6D}.Release|Default.Deploy.0 = Release
		{4120CB19-98AE-4CF6-9C4C-9A30B2AB5725}.Debug|Default.ActiveCfg = Debug
		{4120CB19-98AE-4CF6-9C4C-9A30B2AB5725}.Debug|Default.Build.0 = Debug
		{4120CB19-98AE-4CF6-9C4C-9A30B2AB5725}.Debug|Default.Deploy.0 = Debug
		{4120CB19-98AE-4CF6-9C4C-9A30B2AB5725}.DebugLocal|Default.ActiveCfg = DebugLocal
		{4120CB19-98AE-4CF6-9C4C-9A30B2AB5725}.DebugLocal|Default.Build.0 = DebugLocal
		{4120CB19-98AE-4CF6-9C4C-9A30B2AB5725}.DebugLocal|Default.Deploy.0 = DebugLocal
		{4120CB19-98AE-4CF6-9C4C-9A30B2AB5725}.Jacaranda|Default.ActiveCfg = Release
		{4120CB19-98AE-4CF6-9C4C-9A30B2AB5725}.Jacaranda|Default.Build.0 = Release
		{4120CB19-98AE-4CF6-9C4C-9A30B2AB5725}.Jacaranda|Default.Deploy.0 = Release
		{4120CB19-98AE-4CF6-9C4C-9A30B2AB5725}.Production|Default.ActiveCfg = Release
		{4120CB19-98AE-4CF6-9C4C-9A30B2AB5725}.Production|Default.Build.0 = Release
		{4120CB19-98AE-4CF6-9C4C-9A30B2AB5725}.Production|Default.Deploy.0 = Release
		{4120CB19-98AE-4CF6-9C4C-9A30B2AB5725}.Release|Default.ActiveCfg = Release
		{4120CB19-98AE-4CF6-9C4C-9A30B2AB5725}.Release|Default.Build.0 = Release
		{4120CB19-98AE-4CF6-9C4C-9A30B2AB5725}.Release|Default.Deploy.0 = Release
	EndGlobalSection
	GlobalSection(SolutionProperties) = preSolution
		HideSolutionNode = FALSE
	EndGlobalSection
	GlobalSection(TeamFoundationVersionControl) = preSolution
		SccNumberOfProjects = 22
		SccEnterpriseProvider = {4CA58AB2-18FA-4F8D-95D4-32DDF27D184C}
		SccTeamFoundationServer = http://yellowwood:8080/tfs/defaultcollection
		SccLocalPath0 = .
		SccProjectUniqueName1 = iCS\u0020Tools\\iCS\u0020Tools.rptproj
		SccProjectName1 = iCS\u0020Tools
		SccLocalPath1 = iCS\u0020Tools
		SccProjectUniqueName2 = Service\u0020Desk\\Service\u0020Desk.rptproj
		SccProjectName2 = Service\u0020Desk
		SccLocalPath2 = Service\u0020Desk
		SccProjectUniqueName3 = SCALE\\SCALE.rptproj
		SccProjectName3 = SCALE
		SccLocalPath3 = SCALE
		SccProjectUniqueName4 = SCALE\u0020System\\SCALE\u0020System.rptproj
		SccProjectName4 = SCALE\u0020System
		SccLocalPath4 = SCALE\u0020System
		SccProjectUniqueName5 = HPB.com\\HPB.com.rptproj
		SccProjectName5 = HPB.com
		SccLocalPath5 = HPB.com
		SccProjectUniqueName6 = Vertex\\Vertex.rptproj
		SccProjectName6 = Vertex
		SccLocalPath6 = Vertex
		SccProjectUniqueName7 = Scheduled_Inventory\\Scheduled\u0020Inventory\\Scheduled\u0020Inventory.rptproj
		SccProjectName7 = Scheduled_Inventory/Scheduled\u0020Inventory
		SccLocalPath7 = Scheduled_Inventory\\Scheduled\u0020Inventory
		SccProjectUniqueName8 = POS\\POS.rptproj
		SccLocalPath8 = .
		SccProjectFilePathRelativizedFromConnection8 = POS\\
		SccProjectUniqueName9 = LP\\LP.rptproj
		SccProjectName9 = LP
		SccLocalPath9 = LP
		SccProjectUniqueName10 = Sales\u0020Audits\\Sales\u0020Audits.rptproj
		SccProjectName10 = Sales\u0020Audits
		SccLocalPath10 = Sales\u0020Audits
		SccProjectUniqueName11 = Accounting\\Accounting.rptproj
		SccProjectName11 = Accounting
		SccLocalPath11 = Accounting
		SccProjectUniqueName12 = Exception\u0020Reports\\Exception\u0020Reports.rptproj
		SccProjectName12 = Exception\u0020Reports
		SccLocalPath12 = Exception\u0020Reports
		SccProjectUniqueName13 = Management\\Management.rptproj
		SccProjectName13 = Management
		SccLocalPath13 = Management
		SccProjectUniqueName14 = Marketing\\Marketing.rptproj
		SccProjectName14 = Marketing
		SccLocalPath14 = Marketing
		SccProjectUniqueName15 = Online\u0020Sales\\Online\u0020Sales.rptproj
		SccProjectName15 = Online\u0020Sales
		SccLocalPath15 = Online\u0020Sales
		SccProjectUniqueName16 = SIPS\u0020-\u0020Used\u0020Inventory\\SIPS\u0020-\u0020Used\u0020Inventory.rptproj
		SccProjectName16 = SIPS\u0020-\u0020Used\u0020Inventory
		SccLocalPath16 = SIPS\u0020-\u0020Used\u0020Inventory
		SccProjectUniqueName17 = Store\u0020Receiving\\Store\u0020Receiving.rptproj
		SccProjectName17 = Store\u0020Receiving
		SccLocalPath17 = Store\u0020Receiving
		SccProjectUniqueName18 = Texas\u0020Bookman\\Texas\u0020Bookman.rptproj
		SccProjectName18 = Texas\u0020Bookman
		SccLocalPath18 = Texas\u0020Bookman
		SccProjectUniqueName19 = Cost\u0020Of\u0020Goods\\Cost\u0020Of\u0020Goods.rptproj
		SccProjectName19 = Cost\u0020Of\u0020Goods
		SccLocalPath19 = Cost\u0020Of\u0020Goods
		SccProjectUniqueName20 = Transfers\\Transfers.rptproj
		SccProjectName20 = Transfers
		SccLocalPath20 = Transfers
		SccProjectUniqueName21 = Beanstore\u0020Reports\\Beanstore\u0020Reports.rptproj
		SccProjectName21 = Beanstore\u0020Reports
		SccLocalPath21 = Beanstore\u0020Reports
	EndGlobalSection
EndGlobal
